
Microsoft Visual Studio Solution File, Format Version 12.00
# Visual Studio Version 17
VisualStudioVersion = 17.4.33110.190
MinimumVisualStudioVersion = 10.0.40219.1
Project("{FAE04EC0-301F-11D3-BF4B-00C04F79EFBC}") = "WebApplication13", "WebApplication13.csproj", "{4C916EE1-122F-4511-91A3-DC3BB639AE0D}"
EndProject
Project("{FAE04EC0-301F-11D3-BF4B-00C04F79EFBC}") = "FirstTest.Core", "..\FirstTest.Core\FirstTest.Core.csproj", "{9B3BDDDE-E05C-4E66-B49B-A0DE819896D7}"
EndProject
Global
	GlobalSection(SolutionConfigurationPlatforms) = preSolution
		Debug|Any CPU = Debug|Any CPU
		Release|Any CPU = Release|Any CPU
	EndGlobalSection
	GlobalSection(ProjectConfigurationPlatforms) = postSolution
		{4C916EE1-122F-4511-91A3-DC3BB639AE0D}.Debug|Any CPU.ActiveCfg = Debug|Any CPU
		{4C916EE1-122F-4511-91A3-DC3BB639AE0D}.Debug|Any CPU.Build.0 = Debug|Any CPU
		{4C916EE1-122F-4511-91A3-DC3BB639AE0D}.Release|Any CPU.ActiveCfg = Release|Any CPU
		{4C916EE1-122F-4511-91A3-DC3BB639AE0D}.Release|Any CPU.Build.0 = Release|Any CPU
		{9B3BDDDE-E05C-4E66-B49B-A0DE819896D7}.Debug|Any CPU.ActiveCfg = Debug|Any CPU
		{9B3BDDDE-E05C-4E66-B49B-A0DE819896D7}.Debug|Any CPU.Build.0 = Debug|Any CPU
		{9B3BDDDE-E05C-4E66-B49B-A0DE819896D7}.Release|Any CPU.ActiveCfg = Release|Any CPU
		{9B3BDDDE-E05C-4E66-B49B-A0DE819896D7}.Release|Any CPU.Build.0 = Release|Any CPU
	EndGlobalSection
	GlobalSection(SolutionProperties) = preSolution
		HideSolutionNode = FALSE
	EndGlobalSection
	GlobalSection(ExtensibilityGlobals) = postSolution
		SolutionGuid = {D672C446-7883-4311-BDF8-79269C9D3A17}
	EndGlobalSection
EndGlobal
