
Microsoft Visual Studio Solution File, Format Version 12.00
# Visual Studio Version 17
VisualStudioVersion = 17.4.33110.190
MinimumVisualStudioVersion = 10.0.40219.1
Project("{FAE04EC0-301F-11D3-BF4B-00C04F79EFBC}") = "ConsoleApp2", "ConsoleApp2\ConsoleApp2.csproj", "{525798C6-557C-46CE-B6EC-4FF2D01BDFFC}"
EndProject
Global
	GlobalSection(SolutionConfigurationPlatforms) = preSolution
		Debug|Any CPU = Debug|Any CPU
		Release|Any CPU = Release|Any CPU
	EndGlobalSection
	GlobalSection(ProjectConfigurationPlatforms) = postSolution
		{525798C6-557C-46CE-B6EC-4FF2D01BDFFC}.Debug|Any CPU.ActiveCfg = Debug|Any CPU
		{525798C6-557C-46CE-B6EC-4FF2D01BDFFC}.Debug|Any CPU.Build.0 = Debug|Any CPU
		{525798C6-557C-46CE-B6EC-4FF2D01BDFFC}.Release|Any CPU.ActiveCfg = Release|Any CPU
		{525798C6-557C-46CE-B6EC-4FF2D01BDFFC}.Release|Any CPU.Build.0 = Release|Any CPU
	EndGlobalSection
	GlobalSection(SolutionProperties) = preSolution
		HideSolutionNode = FALSE
	EndGlobalSection
	GlobalSection(ExtensibilityGlobals) = postSolution
		SolutionGuid = {1762D145-3320-4C37-B766-EAA306778C8A}
	EndGlobalSection
EndGlobal
