
Microsoft Visual Studio Solution File, Format Version 12.00
# Visual Studio Version 17
VisualStudioVersion = 17.4.33110.190
MinimumVisualStudioVersion = 10.0.40219.1
Project("{FAE04EC0-301F-11D3-BF4B-00C04F79EFBC}") = "TD", "TD.csproj", "{FEB09295-EAE6-4A2D-9E7C-A035D308A5B7}"
EndProject
Global
	GlobalSection(SolutionConfigurationPlatforms) = preSolution
		Debug|Any CPU = Debug|Any CPU
		Release|Any CPU = Release|Any CPU
	EndGlobalSection
	GlobalSection(ProjectConfigurationPlatforms) = postSolution
		{FEB09295-EAE6-4A2D-9E7C-A035D308A5B7}.Debug|Any CPU.ActiveCfg = Debug|Any CPU
		{FEB09295-EAE6-4A2D-9E7C-A035D308A5B7}.Debug|Any CPU.Build.0 = Debug|Any CPU
		{FEB09295-EAE6-4A2D-9E7C-A035D308A5B7}.Release|Any CPU.ActiveCfg = Release|Any CPU
		{FEB09295-EAE6-4A2D-9E7C-A035D308A5B7}.Release|Any CPU.Build.0 = Release|Any CPU
	EndGlobalSection
	GlobalSection(SolutionProperties) = preSolution
		HideSolutionNode = FALSE
	EndGlobalSection
	GlobalSection(ExtensibilityGlobals) = postSolution
		SolutionGuid = {D76AF928-479A-42F7-AD33-CB112C7265DA}
	EndGlobalSection
EndGlobal
