
Microsoft Visual Studio Solution File, Format Version 12.00
# Visual Studio Version 17
VisualStudioVersion = 17.4.33110.190
MinimumVisualStudioVersion = 10.0.40219.1
Project("{FAE04EC0-301F-11D3-BF4B-00C04F79EFBC}") = "WebApplication14", "WebApplication14.csproj", "{D3F9D19E-78FB-4446-8534-01190A2A6B75}"
EndProject
Project("{FAE04EC0-301F-11D3-BF4B-00C04F79EFBC}") = "SeoncdTest.Core", "..\SeoncdTest.Core\SeoncdTest.Core.csproj", "{F8F88FB7-A9C8-44FD-AC2A-CCB3BD7CE401}"
EndProject
Project("{FAE04EC0-301F-11D3-BF4B-00C04F79EFBC}") = "Test.Data", "..\Test.Data\Test.Data.csproj", "{2BDEE690-39F5-499A-BF9D-84A92E5F7B0F}"
EndProject
Global
	GlobalSection(SolutionConfigurationPlatforms) = preSolution
		Debug|Any CPU = Debug|Any CPU
		Release|Any CPU = Release|Any CPU
	EndGlobalSection
	GlobalSection(ProjectConfigurationPlatforms) = postSolution
		{D3F9D19E-78FB-4446-8534-01190A2A6B75}.Debug|Any CPU.ActiveCfg = Debug|Any CPU
		{D3F9D19E-78FB-4446-8534-01190A2A6B75}.Debug|Any CPU.Build.0 = Debug|Any CPU
		{D3F9D19E-78FB-4446-8534-01190A2A6B75}.Release|Any CPU.ActiveCfg = Release|Any CPU
		{D3F9D19E-78FB-4446-8534-01190A2A6B75}.Release|Any CPU.Build.0 = Release|Any CPU
		{F8F88FB7-A9C8-44FD-AC2A-CCB3BD7CE401}.Debug|Any CPU.ActiveCfg = Debug|Any CPU
		{F8F88FB7-A9C8-44FD-AC2A-CCB3BD7CE401}.Debug|Any CPU.Build.0 = Debug|Any CPU
		{F8F88FB7-A9C8-44FD-AC2A-CCB3BD7CE401}.Release|Any CPU.ActiveCfg = Release|Any CPU
		{F8F88FB7-A9C8-44FD-AC2A-CCB3BD7CE401}.Release|Any CPU.Build.0 = Release|Any CPU
		{2BDEE690-39F5-499A-BF9D-84A92E5F7B0F}.Debug|Any CPU.ActiveCfg = Debug|Any CPU
		{2BDEE690-39F5-499A-BF9D-84A92E5F7B0F}.Debug|Any CPU.Build.0 = Debug|Any CPU
		{2BDEE690-39F5-499A-BF9D-84A92E5F7B0F}.Release|Any CPU.ActiveCfg = Release|Any CPU
		{2BDEE690-39F5-499A-BF9D-84A92E5F7B0F}.Release|Any CPU.Build.0 = Release|Any CPU
	EndGlobalSection
	GlobalSection(SolutionProperties) = preSolution
		HideSolutionNode = FALSE
	EndGlobalSection
	GlobalSection(ExtensibilityGlobals) = postSolution
		SolutionGuid = {D2BE825A-ADB9-4C3D-85D4-843BD24F69F7}
	EndGlobalSection
EndGlobal
