
Microsoft Visual Studio Solution File, Format Version 12.00
# Visual Studio Version 17
VisualStudioVersion = 17.4.33110.190
MinimumVisualStudioVersion = 10.0.40219.1
Project("{FAE04EC0-301F-11D3-BF4B-00C04F79EFBC}") = "WebApplication5", "WebApplication5.csproj", "{5AB8028B-8354-492C-A870-E1105A03A515}"
EndProject
Global
	GlobalSection(SolutionConfigurationPlatforms) = preSolution
		Debug|Any CPU = Debug|Any CPU
		Release|Any CPU = Release|Any CPU
	EndGlobalSection
	GlobalSection(ProjectConfigurationPlatforms) = postSolution
		{5AB8028B-8354-492C-A870-E1105A03A515}.Debug|Any CPU.ActiveCfg = Debug|Any CPU
		{5AB8028B-8354-492C-A870-E1105A03A515}.Debug|Any CPU.Build.0 = Debug|Any CPU
		{5AB8028B-8354-492C-A870-E1105A03A515}.Release|Any CPU.ActiveCfg = Release|Any CPU
		{5AB8028B-8354-492C-A870-E1105A03A515}.Release|Any CPU.Build.0 = Release|Any CPU
	EndGlobalSection
	GlobalSection(SolutionProperties) = preSolution
		HideSolutionNode = FALSE
	EndGlobalSection
	GlobalSection(ExtensibilityGlobals) = postSolution
		SolutionGuid = {DB9CAEC7-16A0-4B08-852D-53A2BFC346FC}
	EndGlobalSection
EndGlobal
