
Microsoft Visual Studio Solution File, Format Version 12.00
# Visual Studio Version 17
VisualStudioVersion = 17.4.33110.190
MinimumVisualStudioVersion = 10.0.40219.1
Project("{FAE04EC0-301F-11D3-BF4B-00C04F79EFBC}") = "EntityFramework", "EntityFramework.csproj", "{EF38EC75-AA1A-4C93-B82A-7A9BC57D5EF3}"
EndProject
Global
	GlobalSection(SolutionConfigurationPlatforms) = preSolution
		Debug|Any CPU = Debug|Any CPU
		Release|Any CPU = Release|Any CPU
	EndGlobalSection
	GlobalSection(ProjectConfigurationPlatforms) = postSolution
		{EF38EC75-AA1A-4C93-B82A-7A9BC57D5EF3}.Debug|Any CPU.ActiveCfg = Debug|Any CPU
		{EF38EC75-AA1A-4C93-B82A-7A9BC57D5EF3}.Debug|Any CPU.Build.0 = Debug|Any CPU
		{EF38EC75-AA1A-4C93-B82A-7A9BC57D5EF3}.Release|Any CPU.ActiveCfg = Release|Any CPU
		{EF38EC75-AA1A-4C93-B82A-7A9BC57D5EF3}.Release|Any CPU.Build.0 = Release|Any CPU
	EndGlobalSection
	GlobalSection(SolutionProperties) = preSolution
		HideSolutionNode = FALSE
	EndGlobalSection
	GlobalSection(ExtensibilityGlobals) = postSolution
		SolutionGuid = {1FF91789-0AE4-4862-8D7A-66548B530EB4}
	EndGlobalSection
EndGlobal
