
Microsoft Visual Studio Solution File, Format Version 12.00
# Visual Studio Version 17
VisualStudioVersion = 17.4.33110.190
MinimumVisualStudioVersion = 10.0.40219.1
Project("{9A19103F-16F7-4668-BE54-9A1E7A4F7556}") = "LastApi", "LastApi.csproj", "{156057CE-7FCA-47DF-9131-BFE23CB6CE08}"
EndProject
Project("{FAE04EC0-301F-11D3-BF4B-00C04F79EFBC}") = "LastAPICore", "..\LastAPICore\LastAPICore.csproj", "{A8B27793-85B2-4976-A084-1C027C2648AE}"
EndProject
Global
	GlobalSection(SolutionConfigurationPlatforms) = preSolution
		Debug|Any CPU = Debug|Any CPU
		Release|Any CPU = Release|Any CPU
	EndGlobalSection
	GlobalSection(ProjectConfigurationPlatforms) = postSolution
		{156057CE-7FCA-47DF-9131-BFE23CB6CE08}.Debug|Any CPU.ActiveCfg = Debug|Any CPU
		{156057CE-7FCA-47DF-9131-BFE23CB6CE08}.Debug|Any CPU.Build.0 = Debug|Any CPU
		{156057CE-7FCA-47DF-9131-BFE23CB6CE08}.Release|Any CPU.ActiveCfg = Release|Any CPU
		{156057CE-7FCA-47DF-9131-BFE23CB6CE08}.Release|Any CPU.Build.0 = Release|Any CPU
		{A8B27793-85B2-4976-A084-1C027C2648AE}.Debug|Any CPU.ActiveCfg = Debug|Any CPU
		{A8B27793-85B2-4976-A084-1C027C2648AE}.Debug|Any CPU.Build.0 = Debug|Any CPU
		{A8B27793-85B2-4976-A084-1C027C2648AE}.Release|Any CPU.ActiveCfg = Release|Any CPU
		{A8B27793-85B2-4976-A084-1C027C2648AE}.Release|Any CPU.Build.0 = Release|Any CPU
	EndGlobalSection
	GlobalSection(SolutionProperties) = preSolution
		HideSolutionNode = FALSE
	EndGlobalSection
	GlobalSection(ExtensibilityGlobals) = postSolution
		SolutionGuid = {B98DB7FA-0A80-44E2-9EE6-316EA2858696}
	EndGlobalSection
EndGlobal
