
Microsoft Visual Studio Solution File, Format Version 12.00
# Visual Studio Version 17
VisualStudioVersion = 17.4.33110.190
MinimumVisualStudioVersion = 10.0.40219.1
Project("{FAE04EC0-301F-11D3-BF4B-00C04F79EFBC}") = "SampleApi", "SampleApi\SampleApi.csproj", "{01260E14-5FBE-4E5B-86BF-25E1A24323F6}"
EndProject
Project("{FAE04EC0-301F-11D3-BF4B-00C04F79EFBC}") = "getUserImage", "getUserImage\getUserImage.csproj", "{59B3626B-67DC-48BD-96BF-B3C1DB96782E}"
EndProject
Global
	GlobalSection(SolutionConfigurationPlatforms) = preSolution
		Debug|Any CPU = Debug|Any CPU
		Release|Any CPU = Release|Any CPU
	EndGlobalSection
	GlobalSection(ProjectConfigurationPlatforms) = postSolution
		{01260E14-5FBE-4E5B-86BF-25E1A24323F6}.Debug|Any CPU.ActiveCfg = Debug|Any CPU
		{01260E14-5FBE-4E5B-86BF-25E1A24323F6}.Debug|Any CPU.Build.0 = Debug|Any CPU
		{01260E14-5FBE-4E5B-86BF-25E1A24323F6}.Release|Any CPU.ActiveCfg = Release|Any CPU
		{01260E14-5FBE-4E5B-86BF-25E1A24323F6}.Release|Any CPU.Build.0 = Release|Any CPU
		{59B3626B-67DC-48BD-96BF-B3C1DB96782E}.Debug|Any CPU.ActiveCfg = Debug|Any CPU
		{59B3626B-67DC-48BD-96BF-B3C1DB96782E}.Debug|Any CPU.Build.0 = Debug|Any CPU
		{59B3626B-67DC-48BD-96BF-B3C1DB96782E}.Release|Any CPU.ActiveCfg = Release|Any CPU
		{59B3626B-67DC-48BD-96BF-B3C1DB96782E}.Release|Any CPU.Build.0 = Release|Any CPU
	EndGlobalSection
	GlobalSection(SolutionProperties) = preSolution
		HideSolutionNode = FALSE
	EndGlobalSection
	GlobalSection(ExtensibilityGlobals) = postSolution
		SolutionGuid = {2A3C0E2B-F235-49F0-A4DC-1BE26E8093B0}
	EndGlobalSection
EndGlobal
