
Microsoft Visual Studio Solution File, Format Version 12.00
# Visual Studio Version 17
VisualStudioVersion = 17.4.33110.190
MinimumVisualStudioVersion = 10.0.40219.1
Project("{FAE04EC0-301F-11D3-BF4B-00C04F79EFBC}") = "FirstAPi", "FirstAPi.csproj", "{F8902B41-5C12-4768-944A-CE547E5F6045}"
EndProject
Global
	GlobalSection(SolutionConfigurationPlatforms) = preSolution
		Debug|Any CPU = Debug|Any CPU
		Release|Any CPU = Release|Any CPU
	EndGlobalSection
	GlobalSection(ProjectConfigurationPlatforms) = postSolution
		{F8902B41-5C12-4768-944A-CE547E5F6045}.Debug|Any CPU.ActiveCfg = Debug|Any CPU
		{F8902B41-5C12-4768-944A-CE547E5F6045}.Debug|Any CPU.Build.0 = Debug|Any CPU
		{F8902B41-5C12-4768-944A-CE547E5F6045}.Release|Any CPU.ActiveCfg = Release|Any CPU
		{F8902B41-5C12-4768-944A-CE547E5F6045}.Release|Any CPU.Build.0 = Release|Any CPU
	EndGlobalSection
	GlobalSection(SolutionProperties) = preSolution
		HideSolutionNode = FALSE
	EndGlobalSection
	GlobalSection(ExtensibilityGlobals) = postSolution
		SolutionGuid = {6719F49A-BA9F-4578-A773-1679D1472F13}
	EndGlobalSection
EndGlobal
