
Microsoft Visual Studio Solution File, Format Version 12.00
# Visual Studio Version 17
VisualStudioVersion = 17.4.33110.190
MinimumVisualStudioVersion = 10.0.40219.1
Project("{FAE04EC0-301F-11D3-BF4B-00C04F79EFBC}") = "DisplayCandidateImage", "DisplayCandidateImage.csproj", "{70C0B8BE-0F87-4497-AF07-8D64AF1CC61C}"
EndProject
Project("{FAE04EC0-301F-11D3-BF4B-00C04F79EFBC}") = "CandidateImage.DataAccess", "..\CandidateImage.DataAccess\CandidateImage.DataAccess.csproj", "{EA9C10C4-7857-445A-ADA5-D931390DC3A0}"
EndProject
Global
	GlobalSection(SolutionConfigurationPlatforms) = preSolution
		Debug|Any CPU = Debug|Any CPU
		Release|Any CPU = Release|Any CPU
	EndGlobalSection
	GlobalSection(ProjectConfigurationPlatforms) = postSolution
		{70C0B8BE-0F87-4497-AF07-8D64AF1CC61C}.Debug|Any CPU.ActiveCfg = Debug|Any CPU
		{70C0B8BE-0F87-4497-AF07-8D64AF1CC61C}.Debug|Any CPU.Build.0 = Debug|Any CPU
		{70C0B8BE-0F87-4497-AF07-8D64AF1CC61C}.Release|Any CPU.ActiveCfg = Release|Any CPU
		{70C0B8BE-0F87-4497-AF07-8D64AF1CC61C}.Release|Any CPU.Build.0 = Release|Any CPU
		{EA9C10C4-7857-445A-ADA5-D931390DC3A0}.Debug|Any CPU.ActiveCfg = Debug|Any CPU
		{EA9C10C4-7857-445A-ADA5-D931390DC3A0}.Debug|Any CPU.Build.0 = Debug|Any CPU
		{EA9C10C4-7857-445A-ADA5-D931390DC3A0}.Release|Any CPU.ActiveCfg = Release|Any CPU
		{EA9C10C4-7857-445A-ADA5-D931390DC3A0}.Release|Any CPU.Build.0 = Release|Any CPU
	EndGlobalSection
	GlobalSection(SolutionProperties) = preSolution
		HideSolutionNode = FALSE
	EndGlobalSection
	GlobalSection(ExtensibilityGlobals) = postSolution
		SolutionGuid = {815F0D36-785C-4353-9F82-32132E5931D0}
	EndGlobalSection
EndGlobal
